lockfileVersion: 5.3

specifiers:
  '@prantlf/gen-readlines': 1.1.0
  fs-ext: ^2.0.0
  oscript-ast-walker: 0.1.0
  oscript-parser: 0.2.5

dependencies:
  '@prantlf/gen-readlines': 1.1.0
  fs-ext: 2.0.0
  oscript-ast-walker: 0.1.0
  oscript-parser: 0.2.5

packages:

  /@prantlf/gen-readlines/1.1.0:
    resolution: {integrity: sha512-otFWPppKSttjZL5NdlLjmax/WxgrSq6E/Ln5ypG0vISrNf2OM07IYZC3M1hO0dDMQlSQfXX6AlCdVT5KsUoRNg==}
    engines: {node: '>=6'}
    dev: false

  /colorette/1.2.1:
    resolution: {integrity: sha512-puCDz0CzydiSYOrnXpz/PKd69zRrribezjtE9yd4zvytoRc8+RY/KJPvtPFKZS3E3wP6neGyMe0vOTlHO5L3Pw==}
    dev: false

  /fs-ext/2.0.0:
    resolution: {integrity: sha512-aK8NlpSO5LUdSoWeshpnkgtptbua1rGo58Wc+mHQ2+JnoBlubMTsnV56Swl4bA0msrgAhG8TDu1aGS8deJwzBQ==}
    engines: {node: '>= 8.0.0'}
    requiresBuild: true
    dependencies:
      nan: 2.14.2
    dev: false

  /globalyzer/0.1.0:
    resolution: {integrity: sha512-40oNTM9UfG6aBmuKxk/giHn5nQ8RVz/SS4Ir6zgzOv9/qC3kKZ9v4etGTcJbEl/NyVQH7FGU7d+X1egr57Md2Q==}
    dev: false

  /globrex/0.1.2:
    resolution: {integrity: sha512-uHJgbwAMwNFf5mLst7IWLNg14x1CkeqglJb/K3doi4dw6q2IvAAmM/Y81kevy83wP+Sst+nutFTYOGg3d1lsxg==}
    dev: false

  /nan/2.14.2:
    resolution: {integrity: sha512-M2ufzIiINKCuDfBSAUr1vWQ+vuVcA9kqx8JJUsbQi6yf1uGRyb7HfpdfUr5qLXf3B/t8dPvcjhKMmlfnP47EzQ==}
    dev: false

  /oscript-ast-walker/0.1.0:
    resolution: {integrity: sha512-mVJ5OTjDRnamPeIW4OysWHN0lPYsy9mx9EI8MfkJ1RRfNEUbLKqdsNxhn+epIXX07+mEAkYxFliso7XEtcL5uw==}
    engines: {node: '>=10'}
    dev: false

  /oscript-parser/0.2.5:
    resolution: {integrity: sha512-d8r1fWb/yUSlFPSy6y2I50JSWjXOJza4X9kuS442LekRS07gpyOS2m7m1WbW1dowb1MKVku6tgDTjjrRpTzq+Q==}
    engines: {node: '>=10'}
    hasBin: true
    dependencies:
      colorette: 1.2.1
      tiny-glob: 0.2.8
    dev: false

  /tiny-glob/0.2.8:
    resolution: {integrity: sha512-vkQP7qOslq63XRX9kMswlby99kyO5OvKptw7AMwBVMjXEI7Tb61eoI5DydyEMOseyGS5anDN1VPoVxEvH01q8w==}
    dependencies:
      globalyzer: 0.1.0
      globrex: 0.1.2
    dev: false
