lockfileVersion: 5.3

specifiers:
  '@prantlf/gen-readlines': 1.1.0
  fs-ext: ^2.0.0
  oscript-ast-walker: 0.1.0
  oscript-parser: 0.2.6

dependencies:
  '@prantlf/gen-readlines': 1.1.0
  fs-ext: 2.0.0
  oscript-ast-walker: 0.1.0
  oscript-parser: 0.2.6

packages:

  /@prantlf/gen-readlines/1.1.0:
    resolution: {integrity: sha512-otFWPppKSttjZL5NdlLjmax/WxgrSq6E/Ln5ypG0vISrNf2OM07IYZC3M1hO0dDMQlSQfXX6AlCdVT5KsUoRNg==}
    engines: {node: '>=6'}
    dev: false

  /colorette/2.0.16:
    resolution: {integrity: sha512-hUewv7oMjCp+wkBv5Rm0v87eJhq4woh5rSR+42YSQJKecCqgIqNkZ6lAlQms/BwHPJA5NKMRlpxPRv0n8HQW6g==}
    dev: false

  /fs-ext/2.0.0:
    resolution: {integrity: sha512-aK8NlpSO5LUdSoWeshpnkgtptbua1rGo58Wc+mHQ2+JnoBlubMTsnV56Swl4bA0msrgAhG8TDu1aGS8deJwzBQ==}
    engines: {node: '>= 8.0.0'}
    requiresBuild: true
    dependencies:
      nan: 2.14.2
    dev: false

  /globalyzer/0.1.0:
    resolution: {integrity: sha512-40oNTM9UfG6aBmuKxk/giHn5nQ8RVz/SS4Ir6zgzOv9/qC3kKZ9v4etGTcJbEl/NyVQH7FGU7d+X1egr57Md2Q==}
    dev: false

  /globrex/0.1.2:
    resolution: {integrity: sha512-uHJgbwAMwNFf5mLst7IWLNg14x1CkeqglJb/K3doi4dw6q2IvAAmM/Y81kevy83wP+Sst+nutFTYOGg3d1lsxg==}
    dev: false

  /nan/2.14.2:
    resolution: {integrity: sha512-M2ufzIiINKCuDfBSAUr1vWQ+vuVcA9kqx8JJUsbQi6yf1uGRyb7HfpdfUr5qLXf3B/t8dPvcjhKMmlfnP47EzQ==}
    dev: false

  /oscript-ast-walker/0.1.0:
    resolution: {integrity: sha512-mVJ5OTjDRnamPeIW4OysWHN0lPYsy9mx9EI8MfkJ1RRfNEUbLKqdsNxhn+epIXX07+mEAkYxFliso7XEtcL5uw==}
    engines: {node: '>=10'}
    dev: false

  /oscript-parser/0.2.6:
    resolution: {integrity: sha512-Gmp24pl0d5vOc9NTqCx6vMeuQd9uBGgyUaILGrW0ZN508liX2G1MRsejimgVA7/DRLmfQwitUjTuxdrYD2Ey6Q==}
    engines: {node: '>=10'}
    hasBin: true
    dependencies:
      colorette: 2.0.16
      tiny-glob: 0.2.9
    dev: false

  /tiny-glob/0.2.9:
    resolution: {integrity: sha512-g/55ssRPUjShh+xkfx9UPDXqhckHEsHr4Vd9zX55oSdGZc/MD0m3sferOkwWtp98bv+kcVfEHtRJgBVJzelrzg==}
    dependencies:
      globalyzer: 0.1.0
      globrex: 0.1.2
    dev: false
